
Microsoft Visual Studio Solution File, Format Version 12.00
# Visual Studio Version 16
VisualStudioVersion = 16.0.29911.84
MinimumVisualStudioVersion = 10.0.40219.1
Project("{FAE04EC0-301F-11D3-BF4B-00C04F79EFBC}") = "SampleApp.Android", "SampleApp\SampleApp.Android\SampleApp.Android.csproj", "{AAB2428B-5ACC-47C9-B1EC-53B2514E625E}"
EndProject
Project("{FAE04EC0-301F-11D3-BF4B-00C04F79EFBC}") = "SampleApp", "SampleApp\SampleApp\SampleApp.csproj", "{A32D3B5A-1581-4F81-B0EA-9CEBBB255ABC}"
EndProject
Global
	GlobalSection(SolutionConfigurationPlatforms) = preSolution
		Debug|Any CPU = Debug|Any CPU
		Release|Any CPU = Release|Any CPU
	EndGlobalSection
	GlobalSection(ProjectConfigurationPlatforms) = postSolution
		{AAB2428B-5ACC-47C9-B1EC-53B2514E625E}.Debug|Any CPU.ActiveCfg = Debug|Any CPU
		{AAB2428B-5ACC-47C9-B1EC-53B2514E625E}.Debug|Any CPU.Build.0 = Debug|Any CPU
		{AAB2428B-5ACC-47C9-B1EC-53B2514E625E}.Debug|Any CPU.Deploy.0 = Debug|Any CPU
		{AAB2428B-5ACC-47C9-B1EC-53B2514E625E}.Release|Any CPU.ActiveCfg = Release|Any CPU
		{AAB2428B-5ACC-47C9-B1EC-53B2514E625E}.Release|Any CPU.Build.0 = Release|Any CPU
		{AAB2428B-5ACC-47C9-B1EC-53B2514E625E}.Release|Any CPU.Deploy.0 = Release|Any CPU
		{A32D3B5A-1581-4F81-B0EA-9CEBBB255ABC}.Debug|Any CPU.ActiveCfg = Debug|Any CPU
		{A32D3B5A-1581-4F81-B0EA-9CEBBB255ABC}.Debug|Any CPU.Build.0 = Debug|Any CPU
		{A32D3B5A-1581-4F81-B0EA-9CEBBB255ABC}.Debug|Any CPU.Deploy.0 = Debug|Any CPU
		{A32D3B5A-1581-4F81-B0EA-9CEBBB255ABC}.Release|Any CPU.ActiveCfg = Release|Any CPU
		{A32D3B5A-1581-4F81-B0EA-9CEBBB255ABC}.Release|Any CPU.Build.0 = Release|Any CPU
		{A32D3B5A-1581-4F81-B0EA-9CEBBB255ABC}.Release|Any CPU.Deploy.0 = Release|Any CPU
	EndGlobalSection
	GlobalSection(SolutionProperties) = preSolution
		HideSolutionNode = FALSE
	EndGlobalSection
	GlobalSection(ExtensibilityGlobals) = postSolution
		SolutionGuid = {38A709CB-CF5D-47D1-90CC-9990F29970FA}
	EndGlobalSection
EndGlobal
