
Microsoft Visual Studio Solution File, Format Version 12.00
# Visual Studio Version 16
VisualStudioVersion = 16.0.29911.84
MinimumVisualStudioVersion = 10.0.40219.1
Project("{FAE04EC0-301F-11D3-BF4B-00C04F79EFBC}") = "SampleApp.Android", "SampleApp\SampleApp.Android\SampleApp.Android.csproj", "{11B1F545-0371-4DA1-88B9-FB73C9D7874C}"
EndProject
Project("{FAE04EC0-301F-11D3-BF4B-00C04F79EFBC}") = "SampleApp", "SampleApp\SampleApp\SampleApp.csproj", "{C7E01E96-9335-404C-B046-78B29602E836}"
EndProject
Global
	GlobalSection(SolutionConfigurationPlatforms) = preSolution
		Debug|Any CPU = Debug|Any CPU
		Release|Any CPU = Release|Any CPU
	EndGlobalSection
	GlobalSection(ProjectConfigurationPlatforms) = postSolution
		{11B1F545-0371-4DA1-88B9-FB73C9D7874C}.Debug|Any CPU.ActiveCfg = Debug|Any CPU
		{11B1F545-0371-4DA1-88B9-FB73C9D7874C}.Debug|Any CPU.Build.0 = Debug|Any CPU
		{11B1F545-0371-4DA1-88B9-FB73C9D7874C}.Debug|Any CPU.Deploy.0 = Debug|Any CPU
		{11B1F545-0371-4DA1-88B9-FB73C9D7874C}.Release|Any CPU.ActiveCfg = Release|Any CPU
		{11B1F545-0371-4DA1-88B9-FB73C9D7874C}.Release|Any CPU.Build.0 = Release|Any CPU
		{11B1F545-0371-4DA1-88B9-FB73C9D7874C}.Release|Any CPU.Deploy.0 = Release|Any CPU
		{C7E01E96-9335-404C-B046-78B29602E836}.Debug|Any CPU.ActiveCfg = Debug|Any CPU
		{C7E01E96-9335-404C-B046-78B29602E836}.Debug|Any CPU.Build.0 = Debug|Any CPU
		{C7E01E96-9335-404C-B046-78B29602E836}.Debug|Any CPU.Deploy.0 = Debug|Any CPU
		{C7E01E96-9335-404C-B046-78B29602E836}.Release|Any CPU.ActiveCfg = Release|Any CPU
		{C7E01E96-9335-404C-B046-78B29602E836}.Release|Any CPU.Build.0 = Release|Any CPU
		{C7E01E96-9335-404C-B046-78B29602E836}.Release|Any CPU.Deploy.0 = Release|Any CPU
	EndGlobalSection
	GlobalSection(SolutionProperties) = preSolution
		HideSolutionNode = FALSE
	EndGlobalSection
	GlobalSection(ExtensibilityGlobals) = postSolution
		SolutionGuid = {94BE6E21-CD20-4066-B531-3660B5D2E0F4}
	EndGlobalSection
EndGlobal
